// !$*UTF8*$!
{
	archiveVersion = 1;
	classes = {
	};
	objectVersion = 77;
	objects = {

/* Begin PBXBuildFile section */
		A44C26222E706227001F0051 /* WidgetKit.framework in Frameworks */ = {isa = PBXBuildFile; fileRef = A44C26212E706227001F0051 /* WidgetKit.framework */; };
		A44C26242E706227001F0051 /* SwiftUI.framework in Frameworks */ = {isa = PBXBuildFile; fileRef = A44C26232E706227001F0051 /* SwiftUI.framework */; };
		A44C26332E70622A001F0051 /* WordWidgetExtension.appex in Embed Foundation Extensions */ = {isa = PBXBuildFile; fileRef = A44C261F2E706227001F0051 /* WordWidgetExtension.appex */; settings = {ATTRIBUTES = (RemoveHeadersOnCopy, ); }; };
/* End PBXBuildFile section */

/* Begin PBXContainerItemProxy section */
		A44C26312E70622A001F0051 /* PBXContainerItemProxy */ = {
			isa = PBXContainerItemProxy;
			containerPortal = A49E606B2E705B6A006942DD /* Project object */;
			proxyType = 1;
			remoteGlobalIDString = A44C261E2E706227001F0051;
			remoteInfo = WordWidgetExtension;
		};
		A49E608B2E705B6D006942DD /* PBXContainerItemProxy */ = {
			isa = PBXContainerItemProxy;
			containerPortal = A49E606B2E705B6A006942DD /* Project object */;
			proxyType = 1;
			remoteGlobalIDString = A49E60722E705B6A006942DD;
			remoteInfo = ChineseWordLockScreen;
		};
		A49E60952E705B6D006942DD /* PBXContainerItemProxy */ = {
			isa = PBXContainerItemProxy;
			containerPortal = A49E606B2E705B6A006942DD /* Project object */;
			proxyType = 1;
			remoteGlobalIDString = A49E60722E705B6A006942DD;
			remoteInfo = ChineseWordLockScreen;
		};
/* End PBXContainerItemProxy section */

/* Begin PBXCopyFilesBuildPhase section */
		A44C26382E70622A001F0051 /* Embed Foundation Extensions */ = {
			isa = PBXCopyFilesBuildPhase;
			buildActionMask = 2147483647;
			dstPath = "";
			dstSubfolderSpec = 13;
			files = (
				A44C26332E70622A001F0051 /* WordWidgetExtension.appex in Embed Foundation Extensions */,
			);
			name = "Embed Foundation Extensions";
			runOnlyForDeploymentPostprocessing = 0;
		};
/* End PBXCopyFilesBuildPhase section */

/* Begin PBXFileReference section */
		A44C261F2E706227001F0051 /* WordWidgetExtension.appex */ = {isa = PBXFileReference; explicitFileType = "wrapper.app-extension"; includeInIndex = 0; path = WordWidgetExtension.appex; sourceTree = BUILT_PRODUCTS_DIR; };
		A44C26212E706227001F0051 /* WidgetKit.framework */ = {isa = PBXFileReference; lastKnownFileType = wrapper.framework; name = WidgetKit.framework; path = System/Library/Frameworks/WidgetKit.framework; sourceTree = SDKROOT; };
		A44C26232E706227001F0051 /* SwiftUI.framework */ = {isa = PBXFileReference; lastKnownFileType = wrapper.framework; name = SwiftUI.framework; path = System/Library/Frameworks/SwiftUI.framework; sourceTree = SDKROOT; };
		A49E60732E705B6A006942DD /* ChineseWordLockScreen.app */ = {isa = PBXFileReference; explicitFileType = wrapper.application; includeInIndex = 0; path = ChineseWordLockScreen.app; sourceTree = BUILT_PRODUCTS_DIR; };
		A49E608A2E705B6D006942DD /* ChineseWordLockScreenTests.xctest */ = {isa = PBXFileReference; explicitFileType = wrapper.cfbundle; includeInIndex = 0; path = ChineseWordLockScreenTests.xctest; sourceTree = BUILT_PRODUCTS_DIR; };
		A49E60942E705B6D006942DD /* ChineseWordLockScreenUITests.xctest */ = {isa = PBXFileReference; explicitFileType = wrapper.cfbundle; includeInIndex = 0; path = ChineseWordLockScreenUITests.xctest; sourceTree = BUILT_PRODUCTS_DIR; };
/* End PBXFileReference section */

/* Begin PBXFileSystemSynchronizedBuildFileExceptionSet section */
		A44C26372E70622A001F0051 /* Exceptions for "WordWidget" folder in "WordWidgetExtension" target */ = {
			isa = PBXFileSystemSynchronizedBuildFileExceptionSet;
			membershipExceptions = (
				Info.plist,
			);
			target = A44C261E2E706227001F0051 /* WordWidgetExtension */;
		};
		A44C264A2E715733001F0051 /* Exceptions for "ChineseWordLockScreen" folder in "WordWidgetExtension" target */ = {
			isa = PBXFileSystemSynchronizedBuildFileExceptionSet;
			membershipExceptions = (
				Managers/HSKDatabaseSeeder.swift,
				Models/HSKWord.swift,
			);
			target = A44C261E2E706227001F0051 /* WordWidgetExtension */;
		};
		A49E609C2E705B6D006942DD /* Exceptions for "ChineseWordLockScreen" folder in "ChineseWordLockScreen" target */ = {
			isa = PBXFileSystemSynchronizedBuildFileExceptionSet;
			membershipExceptions = (
				Info.plist,
			);
			target = A49E60722E705B6A006942DD /* ChineseWordLockScreen */;
		};
/* End PBXFileSystemSynchronizedBuildFileExceptionSet section */

/* Begin PBXFileSystemSynchronizedRootGroup section */
		A44C26252E706227001F0051 /* WordWidget */ = {
			isa = PBXFileSystemSynchronizedRootGroup;
			exceptions = (
				A44C26372E70622A001F0051 /* Exceptions for "WordWidget" folder in "WordWidgetExtension" target */,
			);
			path = WordWidget;
			sourceTree = "<group>";
		};
		A49E60752E705B6A006942DD /* ChineseWordLockScreen */ = {
			isa = PBXFileSystemSynchronizedRootGroup;
			exceptions = (
				A49E609C2E705B6D006942DD /* Exceptions for "ChineseWordLockScreen" folder in "ChineseWordLockScreen" target */,
				A44C264A2E715733001F0051 /* Exceptions for "ChineseWordLockScreen" folder in "WordWidgetExtension" target */,
			);
			path = ChineseWordLockScreen;
			sourceTree = "<group>";
		};
		A49E608D2E705B6D006942DD /* ChineseWordLockScreenTests */ = {
			isa = PBXFileSystemSynchronizedRootGroup;
			path = ChineseWordLockScreenTests;
			sourceTree = "<group>";
		};
		A49E60972E705B6D006942DD /* ChineseWordLockScreenUITests */ = {
			isa = PBXFileSystemSynchronizedRootGroup;
			path = ChineseWordLockScreenUITests;
			sourceTree = "<group>";
		};
/* End PBXFileSystemSynchronizedRootGroup section */

/* Begin PBXFrameworksBuildPhase section */
		A44C261C2E706227001F0051 /* Frameworks */ = {
			isa = PBXFrameworksBuildPhase;
			buildActionMask = 2147483647;
			files = (
				A44C26242E706227001F0051 /* SwiftUI.framework in Frameworks */,
				A44C26222E706227001F0051 /* WidgetKit.framework in Frameworks */,
			);
			runOnlyForDeploymentPostprocessing = 0;
		};
		A49E60702E705B6A006942DD /* Frameworks */ = {
			isa = PBXFrameworksBuildPhase;
			buildActionMask = 2147483647;
			files = (
			);
			runOnlyForDeploymentPostprocessing = 0;
		};
		A49E60872E705B6D006942DD /* Frameworks */ = {
			isa = PBXFrameworksBuildPhase;
			buildActionMask = 2147483647;
			files = (
			);
			runOnlyForDeploymentPostprocessing = 0;
		};
		A49E60912E705B6D006942DD /* Frameworks */ = {
			isa = PBXFrameworksBuildPhase;
			buildActionMask = 2147483647;
			files = (
			);
			runOnlyForDeploymentPostprocessing = 0;
		};
/* End PBXFrameworksBuildPhase section */

/* Begin PBXGroup section */
		A44C26202E706227001F0051 /* Frameworks */ = {
			isa = PBXGroup;
			children = (
				A44C26212E706227001F0051 /* WidgetKit.framework */,
				A44C26232E706227001F0051 /* SwiftUI.framework */,
			);
			name = Frameworks;
			sourceTree = "<group>";
		};
		A49E606A2E705B6A006942DD = {
			isa = PBXGroup;
			children = (
				A49E60752E705B6A006942DD /* ChineseWordLockScreen */,
				A49E608D2E705B6D006942DD /* ChineseWordLockScreenTests */,
				A49E60972E705B6D006942DD /* ChineseWordLockScreenUITests */,
				A44C26252E706227001F0051 /* WordWidget */,
				A44C26202E706227001F0051 /* Frameworks */,
				A49E60742E705B6A006942DD /* Products */,
			);
			sourceTree = "<group>";
		};
		A49E60742E705B6A006942DD /* Products */ = {
			isa = PBXGroup;
			children = (
				A49E60732E705B6A006942DD /* ChineseWordLockScreen.app */,
				A49E608A2E705B6D006942DD /* ChineseWordLockScreenTests.xctest */,
				A49E60942E705B6D006942DD /* ChineseWordLockScreenUITests.xctest */,
				A44C261F2E706227001F0051 /* WordWidgetExtension.appex */,
			);
			name = Products;
			sourceTree = "<group>";
		};
/* End PBXGroup section */

/* Begin PBXNativeTarget section */
		A44C261E2E706227001F0051 /* WordWidgetExtension */ = {
			isa = PBXNativeTarget;
			buildConfigurationList = A44C26342E70622A001F0051 /* Build configuration list for PBXNativeTarget "WordWidgetExtension" */;
			buildPhases = (
				A44C261B2E706227001F0051 /* Sources */,
				A44C261C2E706227001F0051 /* Frameworks */,
				A44C261D2E706227001F0051 /* Resources */,
			);
			buildRules = (
			);
			dependencies = (
			);
			fileSystemSynchronizedGroups = (
				A44C26252E706227001F0051 /* WordWidget */,
			);
			name = WordWidgetExtension;
			packageProductDependencies = (
			);
			productName = WordWidgetExtension;
			productReference = A44C261F2E706227001F0051 /* WordWidgetExtension.appex */;
			productType = "com.apple.product-type.app-extension";
		};
		A49E60722E705B6A006942DD /* ChineseWordLockScreen */ = {
			isa = PBXNativeTarget;
			buildConfigurationList = A49E609D2E705B6D006942DD /* Build configuration list for PBXNativeTarget "ChineseWordLockScreen" */;
			buildPhases = (
				A49E606F2E705B6A006942DD /* Sources */,
				A49E60702E705B6A006942DD /* Frameworks */,
				A49E60712E705B6A006942DD /* Resources */,
				A44C26382E70622A001F0051 /* Embed Foundation Extensions */,
			);
			buildRules = (
			);
			dependencies = (
				A44C26322E70622A001F0051 /* PBXTargetDependency */,
			);
			fileSystemSynchronizedGroups = (
				A49E60752E705B6A006942DD /* ChineseWordLockScreen */,
			);
			name = ChineseWordLockScreen;
			packageProductDependencies = (
			);
			productName = ChineseWordLockScreen;
			productReference = A49E60732E705B6A006942DD /* ChineseWordLockScreen.app */;
			productType = "com.apple.product-type.application";
		};
		A49E60892E705B6D006942DD /* ChineseWordLockScreenTests */ = {
			isa = PBXNativeTarget;
			buildConfigurationList = A49E60A22E705B6D006942DD /* Build configuration list for PBXNativeTarget "ChineseWordLockScreenTests" */;
			buildPhases = (
				A49E60862E705B6D006942DD /* Sources */,
				A49E60872E705B6D006942DD /* Frameworks */,
				A49E60882E705B6D006942DD /* Resources */,
			);
			buildRules = (
			);
			dependencies = (
				A49E608C2E705B6D006942DD /* PBXTargetDependency */,
			);
			fileSystemSynchronizedGroups = (
				A49E608D2E705B6D006942DD /* ChineseWordLockScreenTests */,
			);
			name = ChineseWordLockScreenTests;
			packageProductDependencies = (
			);
			productName = ChineseWordLockScreenTests;
			productReference = A49E608A2E705B6D006942DD /* ChineseWordLockScreenTests.xctest */;
			productType = "com.apple.product-type.bundle.unit-test";
		};
		A49E60932E705B6D006942DD /* ChineseWordLockScreenUITests */ = {
			isa = PBXNativeTarget;
			buildConfigurationList = A49E60A52E705B6D006942DD /* Build configuration list for PBXNativeTarget "ChineseWordLockScreenUITests" */;
			buildPhases = (
				A49E60902E705B6D006942DD /* Sources */,
				A49E60912E705B6D006942DD /* Frameworks */,
				A49E60922E705B6D006942DD /* Resources */,
			);
			buildRules = (
			);
			dependencies = (
				A49E60962E705B6D006942DD /* PBXTargetDependency */,
			);
			fileSystemSynchronizedGroups = (
				A49E60972E705B6D006942DD /* ChineseWordLockScreenUITests */,
			);
			name = ChineseWordLockScreenUITests;
			packageProductDependencies = (
			);
			productName = ChineseWordLockScreenUITests;
			productReference = A49E60942E705B6D006942DD /* ChineseWordLockScreenUITests.xctest */;
			productType = "com.apple.product-type.bundle.ui-testing";
		};
/* End PBXNativeTarget section */

/* Begin PBXProject section */
		A49E606B2E705B6A006942DD /* Project object */ = {
			isa = PBXProject;
			attributes = {
				BuildIndependentTargetsInParallel = 1;
				LastSwiftUpdateCheck = 1620;
				LastUpgradeCheck = 1620;
				TargetAttributes = {
					A44C261E2E706227001F0051 = {
						CreatedOnToolsVersion = 16.2;
					};
					A49E60722E705B6A006942DD = {
						CreatedOnToolsVersion = 16.2;
					};
					A49E60892E705B6D006942DD = {
						CreatedOnToolsVersion = 16.2;
						TestTargetID = A49E60722E705B6A006942DD;
					};
					A49E60932E705B6D006942DD = {
						CreatedOnToolsVersion = 16.2;
						TestTargetID = A49E60722E705B6A006942DD;
					};
				};
			};
			buildConfigurationList = A49E606E2E705B6A006942DD /* Build configuration list for PBXProject "ChineseWordLockScreen" */;
			developmentRegion = en;
			hasScannedForEncodings = 0;
			knownRegions = (
				en,
				Base,
			);
			mainGroup = A49E606A2E705B6A006942DD;
			minimizedProjectReferenceProxies = 1;
			preferredProjectObjectVersion = 77;
			productRefGroup = A49E60742E705B6A006942DD /* Products */;
			projectDirPath = "";
			projectRoot = "";
			targets = (
				A49E60722E705B6A006942DD /* ChineseWordLockScreen */,
				A49E60892E705B6D006942DD /* ChineseWordLockScreenTests */,
				A49E60932E705B6D006942DD /* ChineseWordLockScreenUITests */,
				A44C261E2E706227001F0051 /* WordWidgetExtension */,
			);
		};
/* End PBXProject section */

/* Begin PBXResourcesBuildPhase section */
		A44C261D2E706227001F0051 /* Resources */ = {
			isa = PBXResourcesBuildPhase;
			buildActionMask = 2147483647;
			files = (
			);
			runOnlyForDeploymentPostprocessing = 0;
		};
		A49E60712E705B6A006942DD /* Resources */ = {
			isa = PBXResourcesBuildPhase;
			buildActionMask = 2147483647;
			files = (
			);
			runOnlyForDeploymentPostprocessing = 0;
		};
		A49E60882E705B6D006942DD /* Resources */ = {
			isa = PBXResourcesBuildPhase;
			buildActionMask = 2147483647;
			files = (
			);
			runOnlyForDeploymentPostprocessing = 0;
		};
		A49E60922E705B6D006942DD /* Resources */ = {
			isa = PBXResourcesBuildPhase;
			buildActionMask = 2147483647;
			files = (
			);
			runOnlyForDeploymentPostprocessing = 0;
		};
/* End PBXResourcesBuildPhase section */

/* Begin PBXSourcesBuildPhase section */
		A44C261B2E706227001F0051 /* Sources */ = {
			isa = PBXSourcesBuildPhase;
			buildActionMask = 2147483647;
			files = (
			);
			runOnlyForDeploymentPostprocessing = 0;
		};
		A49E606F2E705B6A006942DD /* Sources */ = {
			isa = PBXSourcesBuildPhase;
			buildActionMask = 2147483647;
			files = (
			);
			runOnlyForDeploymentPostprocessing = 0;
		};
		A49E60862E705B6D006942DD /* Sources */ = {
			isa = PBXSourcesBuildPhase;
			buildActionMask = 2147483647;
			files = (
			);
			runOnlyForDeploymentPostprocessing = 0;
		};
		A49E60902E705B6D006942DD /* Sources */ = {
			isa = PBXSourcesBuildPhase;
			buildActionMask = 2147483647;
			files = (
			);
			runOnlyForDeploymentPostprocessing = 0;
		};
/* End PBXSourcesBuildPhase section */

/* Begin PBXTargetDependency section */
		A44C26322E70622A001F0051 /* PBXTargetDependency */ = {
			isa = PBXTargetDependency;
			target = A44C261E2E706227001F0051 /* WordWidgetExtension */;
			targetProxy = A44C26312E70622A001F0051 /* PBXContainerItemProxy */;
		};
		A49E608C2E705B6D006942DD /* PBXTargetDependency */ = {
			isa = PBXTargetDependency;
			target = A49E60722E705B6A006942DD /* ChineseWordLockScreen */;
			targetProxy = A49E608B2E705B6D006942DD /* PBXContainerItemProxy */;
		};
		A49E60962E705B6D006942DD /* PBXTargetDependency */ = {
			isa = PBXTargetDependency;
			target = A49E60722E705B6A006942DD /* ChineseWordLockScreen */;
			targetProxy = A49E60952E705B6D006942DD /* PBXContainerItemProxy */;
		};
/* End PBXTargetDependency section */

/* Begin XCBuildConfiguration section */
		A44C26352E70622A001F0051 /* Debug */ = {
			isa = XCBuildConfiguration;
			buildSettings = {
				ASSETCATALOG_COMPILER_GLOBAL_ACCENT_COLOR_NAME = AccentColor;
				ASSETCATALOG_COMPILER_WIDGET_BACKGROUND_COLOR_NAME = WidgetBackground;
				CODE_SIGN_STYLE = Automatic;
				CURRENT_PROJECT_VERSION = 1;
				DEVELOPMENT_TEAM = 68MARMYKT8;
				GENERATE_INFOPLIST_FILE = YES;
				INFOPLIST_FILE = WordWidget/Info.plist;
				INFOPLIST_KEY_CFBundleDisplayName = WordWidget;
				INFOPLIST_KEY_NSHumanReadableCopyright = "";
				LD_RUNPATH_SEARCH_PATHS = (
					"$(inherited)",
					"@executable_path/Frameworks",
					"@executable_path/../../Frameworks",
				);
				MARKETING_VERSION = 1.0;
				PRODUCT_BUNDLE_IDENTIFIER = SE.ChineseWordLockScreen.WordWidget;
				PRODUCT_NAME = "$(TARGET_NAME)";
				SKIP_INSTALL = YES;
				SWIFT_EMIT_LOC_STRINGS = YES;
				SWIFT_VERSION = 5.0;
				TARGETED_DEVICE_FAMILY = "1,2";
			};
			name = Debug;
		};
		A44C26362E70622A001F0051 /* Release */ = {
			isa = XCBuildConfiguration;
			buildSettings = {
				ASSETCATALOG_COMPILER_GLOBAL_ACCENT_COLOR_NAME = AccentColor;
				ASSETCATALOG_COMPILER_WIDGET_BACKGROUND_COLOR_NAME = WidgetBackground;
				CODE_SIGN_STYLE = Automatic;
				CURRENT_PROJECT_VERSION = 1;
				DEVELOPMENT_TEAM = 68MARMYKT8;
				GENERATE_INFOPLIST_FILE = YES;
				INFOPLIST_FILE = WordWidget/Info.plist;
				INFOPLIST_KEY_CFBundleDisplayName = WordWidget;
				INFOPLIST_KEY_NSHumanReadableCopyright = "";
				LD_RUNPATH_SEARCH_PATHS = (
					"$(inherited)",
					"@executable_path/Frameworks",
					"@executable_path/../../Frameworks",
				);
				MARKETING_VERSION = 1.0;
				PRODUCT_BUNDLE_IDENTIFIER = SE.ChineseWordLockScreen.WordWidget;
				PRODUCT_NAME = "$(TARGET_NAME)";
				SKIP_INSTALL = YES;
				SWIFT_EMIT_LOC_STRINGS = YES;
				SWIFT_VERSION = 5.0;
				TARGETED_DEVICE_FAMILY = "1,2";
			};
			name = Release;
		};
		A49E609E2E705B6D006942DD /* Debug */ = {
			isa = XCBuildConfiguration;
			buildSettings = {
				ASSETCATALOG_COMPILER_APPICON_NAME = AppIcon;
				ASSETCATALOG_COMPILER_GLOBAL_ACCENT_COLOR_NAME = AccentColor;
				CODE_SIGN_ENTITLEMENTS = ChineseWordLockScreen/ChineseWordLockScreen.entitlements;
				CODE_SIGN_STYLE = Automatic;
				CURRENT_PROJECT_VERSION = 1;
				DEVELOPMENT_ASSET_PATHS = "\"ChineseWordLockScreen/Preview Content\"";
				DEVELOPMENT_TEAM = 68MARMYKT8;
				ENABLE_PREVIEWS = YES;
				GENERATE_INFOPLIST_FILE = YES;
				INFOPLIST_FILE = ChineseWordLockScreen/Info.plist;
				INFOPLIST_KEY_UIApplicationSceneManifest_Generation = YES;
				INFOPLIST_KEY_UIApplicationSupportsIndirectInputEvents = YES;
				INFOPLIST_KEY_UILaunchScreen_Generation = YES;
				INFOPLIST_KEY_UISupportedInterfaceOrientations_iPad = "UIInterfaceOrientationPortrait UIInterfaceOrientationPortraitUpsideDown UIInterfaceOrientationLandscapeLeft UIInterfaceOrientationLandscapeRight";
				INFOPLIST_KEY_UISupportedInterfaceOrientations_iPhone = "UIInterfaceOrientationPortrait UIInterfaceOrientationLandscapeLeft UIInterfaceOrientationLandscapeRight";
				LD_RUNPATH_SEARCH_PATHS = (
					"$(inherited)",
					"@executable_path/Frameworks",
				);
				MARKETING_VERSION = 1.0;
				PRODUCT_BUNDLE_IDENTIFIER = SE.ChineseWordLockScreen;
				PRODUCT_NAME = "$(TARGET_NAME)";
				SWIFT_EMIT_LOC_STRINGS = YES;
				SWIFT_VERSION = 5.0;
				TARGETED_DEVICE_FAMILY = "1,2";
			};
			name = Debug;
		};
		A49E609F2E705B6D006942DD /* Release */ = {
			isa = XCBuildConfiguration;
			buildSettings = {
				ASSETCATALOG_COMPILER_APPICON_NAME = AppIcon;
				ASSETCATALOG_COMPILER_GLOBAL_ACCENT_COLOR_NAME = AccentColor;
				CODE_SIGN_ENTITLEMENTS = ChineseWordLockScreen/ChineseWordLockScreen.entitlements;
				CODE_SIGN_STYLE = Automatic;
				CURRENT_PROJECT_VERSION = 1;
				DEVELOPMENT_ASSET_PATHS = "\"ChineseWordLockScreen/Preview Content\"";
				DEVELOPMENT_TEAM = 68MARMYKT8;
				ENABLE_PREVIEWS = YES;
				GENERATE_INFOPLIST_FILE = YES;
				INFOPLIST_FILE = ChineseWordLockScreen/Info.plist;
				INFOPLIST_KEY_UIApplicationSceneManifest_Generation = YES;
				INFOPLIST_KEY_UIApplicationSupportsIndirectInputEvents = YES;
				INFOPLIST_KEY_UILaunchScreen_Generation = YES;
				INFOPLIST_KEY_UISupportedInterfaceOrientations_iPad = "UIInterfaceOrientationPortrait UIInterfaceOrientationPortraitUpsideDown UIInterfaceOrientationLandscapeLeft UIInterfaceOrientationLandscapeRight";
				INFOPLIST_KEY_UISupportedInterfaceOrientations_iPhone = "UIInterfaceOrientationPortrait UIInterfaceOrientationLandscapeLeft UIInterfaceOrientationLandscapeRight";
				LD_RUNPATH_SEARCH_PATHS = (
					"$(inherited)",
					"@executable_path/Frameworks",
				);
				MARKETING_VERSION = 1.0;
				PRODUCT_BUNDLE_IDENTIFIER = SE.ChineseWordLockScreen;
				PRODUCT_NAME = "$(TARGET_NAME)";
				SWIFT_EMIT_LOC_STRINGS = YES;
				SWIFT_VERSION = 5.0;
				TARGETED_DEVICE_FAMILY = "1,2";
			};
			name = Release;
		};
		A49E60A02E705B6D006942DD /* Debug */ = {
			isa = XCBuildConfiguration;
			buildSettings = {
				ALWAYS_SEARCH_USER_PATHS = NO;
				ASSETCATALOG_COMPILER_GENERATE_SWIFT_ASSET_SYMBOL_EXTENSIONS = YES;
				CLANG_ANALYZER_NONNULL = YES;
				CLANG_ANALYZER_NUMBER_OBJECT_CONVERSION = YES_AGGRESSIVE;
				CLANG_CXX_LANGUAGE_STANDARD = "gnu++20";
				CLANG_ENABLE_MODULES = YES;
				CLANG_ENABLE_OBJC_ARC = YES;
				CLANG_ENABLE_OBJC_WEAK = YES;
				CLANG_WARN_BLOCK_CAPTURE_AUTORELEASING = YES;
				CLANG_WARN_BOOL_CONVERSION = YES;
				CLANG_WARN_COMMA = YES;
				CLANG_WARN_CONSTANT_CONVERSION = YES;
				CLANG_WARN_DEPRECATED_OBJC_IMPLEMENTATIONS = YES;
				CLANG_WARN_DIRECT_OBJC_ISA_USAGE = YES_ERROR;
				CLANG_WARN_DOCUMENTATION_COMMENTS = YES;
				CLANG_WARN_EMPTY_BODY = YES;
				CLANG_WARN_ENUM_CONVERSION = YES;
				CLANG_WARN_INFINITE_RECURSION = YES;
				CLANG_WARN_INT_CONVERSION = YES;
				CLANG_WARN_NON_LITERAL_NULL_CONVERSION = YES;
				CLANG_WARN_OBJC_IMPLICIT_RETAIN_SELF = YES;
				CLANG_WARN_OBJC_LITERAL_CONVERSION = YES;
				CLANG_WARN_OBJC_ROOT_CLASS = YES_ERROR;
				CLANG_WARN_QUOTED_INCLUDE_IN_FRAMEWORK_HEADER = YES;
				CLANG_WARN_RANGE_LOOP_ANALYSIS = YES;
				CLANG_WARN_STRICT_PROTOTYPES = YES;
				CLANG_WARN_SUSPICIOUS_MOVE = YES;
				CLANG_WARN_UNGUARDED_AVAILABILITY = YES_AGGRESSIVE;
				CLANG_WARN_UNREACHABLE_CODE = YES;
				CLANG_WARN__DUPLICATE_METHOD_MATCH = YES;
				COPY_PHASE_STRIP = NO;
				DEBUG_INFORMATION_FORMAT = dwarf;
				ENABLE_STRICT_OBJC_MSGSEND = YES;
				ENABLE_TESTABILITY = YES;
				ENABLE_USER_SCRIPT_SANDBOXING = YES;
				GCC_C_LANGUAGE_STANDARD = gnu17;
				GCC_DYNAMIC_NO_PIC = NO;
				GCC_NO_COMMON_BLOCKS = YES;
				GCC_OPTIMIZATION_LEVEL = 0;
				GCC_PREPROCESSOR_DEFINITIONS = (
					"DEBUG=1",
					"$(inherited)",
				);
				GCC_WARN_64_TO_32_BIT_CONVERSION = YES;
				GCC_WARN_ABOUT_RETURN_TYPE = YES_ERROR;
				GCC_WARN_UNDECLARED_SELECTOR = YES;
				GCC_WARN_UNINITIALIZED_AUTOS = YES_AGGRESSIVE;
				GCC_WARN_UNUSED_FUNCTION = YES;
				GCC_WARN_UNUSED_VARIABLE = YES;
				IPHONEOS_DEPLOYMENT_TARGET = 18.2;
				LOCALIZATION_PREFERS_STRING_CATALOGS = YES;
				MTL_ENABLE_DEBUG_INFO = INCLUDE_SOURCE;
				MTL_FAST_MATH = YES;
				ONLY_ACTIVE_ARCH = YES;
				SDKROOT = iphoneos;
				SWIFT_ACTIVE_COMPILATION_CONDITIONS = "DEBUG $(inherited)";
				SWIFT_OPTIMIZATION_LEVEL = "-Onone";
			};
			name = Debug;
		};
		A49E60A12E705B6D006942DD /* Release */ = {
			isa = XCBuildConfiguration;
			buildSettings = {
				ALWAYS_SEARCH_USER_PATHS = NO;
				ASSETCATALOG_COMPILER_GENERATE_SWIFT_ASSET_SYMBOL_EXTENSIONS = YES;
				CLANG_ANALYZER_NONNULL = YES;
				CLANG_ANALYZER_NUMBER_OBJECT_CONVERSION = YES_AGGRESSIVE;
				CLANG_CXX_LANGUAGE_STANDARD = "gnu++20";
				CLANG_ENABLE_MODULES = YES;
				CLANG_ENABLE_OBJC_ARC = YES;
				CLANG_ENABLE_OBJC_WEAK = YES;
				CLANG_WARN_BLOCK_CAPTURE_AUTORELEASING = YES;
				CLANG_WARN_BOOL_CONVERSION = YES;
				CLANG_WARN_COMMA = YES;
				CLANG_WARN_CONSTANT_CONVERSION = YES;
				CLANG_WARN_DEPRECATED_OBJC_IMPLEMENTATIONS = YES;
				CLANG_WARN_DIRECT_OBJC_ISA_USAGE = YES_ERROR;
				CLANG_WARN_DOCUMENTATION_COMMENTS = YES;
				CLANG_WARN_EMPTY_BODY = YES;
				CLANG_WARN_ENUM_CONVERSION = YES;
				CLANG_WARN_INFINITE_RECURSION = YES;
				CLANG_WARN_INT_CONVERSION = YES;
				CLANG_WARN_NON_LITERAL_NULL_CONVERSION = YES;
				CLANG_WARN_OBJC_IMPLICIT_RETAIN_SELF = YES;
				CLANG_WARN_OBJC_LITERAL_CONVERSION = YES;
				CLANG_WARN_OBJC_ROOT_CLASS = YES_ERROR;
				CLANG_WARN_QUOTED_INCLUDE_IN_FRAMEWORK_HEADER = YES;
				CLANG_WARN_RANGE_LOOP_ANALYSIS = YES;
				CLANG_WARN_STRICT_PROTOTYPES = YES;
				CLANG_WARN_SUSPICIOUS_MOVE = YES;
				CLANG_WARN_UNGUARDED_AVAILABILITY = YES_AGGRESSIVE;
				CLANG_WARN_UNREACHABLE_CODE = YES;
				CLANG_WARN__DUPLICATE_METHOD_MATCH = YES;
				COPY_PHASE_STRIP = NO;
				DEBUG_INFORMATION_FORMAT = "dwarf-with-dsym";
				ENABLE_NS_ASSERTIONS = NO;
				ENABLE_STRICT_OBJC_MSGSEND = YES;
				ENABLE_USER_SCRIPT_SANDBOXING = YES;
				GCC_C_LANGUAGE_STANDARD = gnu17;
				GCC_NO_COMMON_BLOCKS = YES;
				GCC_WARN_64_TO_32_BIT_CONVERSION = YES;
				GCC_WARN_ABOUT_RETURN_TYPE = YES_ERROR;
				GCC_WARN_UNDECLARED_SELECTOR = YES;
				GCC_WARN_UNINITIALIZED_AUTOS = YES_AGGRESSIVE;
				GCC_WARN_UNUSED_FUNCTION = YES;
				GCC_WARN_UNUSED_VARIABLE = YES;
				IPHONEOS_DEPLOYMENT_TARGET = 18.2;
				LOCALIZATION_PREFERS_STRING_CATALOGS = YES;
				MTL_ENABLE_DEBUG_INFO = NO;
				MTL_FAST_MATH = YES;
				SDKROOT = iphoneos;
				SWIFT_COMPILATION_MODE = wholemodule;
				VALIDATE_PRODUCT = YES;
			};
			name = Release;
		};
		A49E60A32E705B6D006942DD /* Debug */ = {
			isa = XCBuildConfiguration;
			buildSettings = {
				BUNDLE_LOADER = "$(TEST_HOST)";
				CODE_SIGN_STYLE = Automatic;
				CURRENT_PROJECT_VERSION = 1;
				GENERATE_INFOPLIST_FILE = YES;
				IPHONEOS_DEPLOYMENT_TARGET = 18.2;
				MARKETING_VERSION = 1.0;
				PRODUCT_BUNDLE_IDENTIFIER = SE.ChineseWordLockScreenTests;
				PRODUCT_NAME = "$(TARGET_NAME)";
				SWIFT_EMIT_LOC_STRINGS = NO;
				SWIFT_VERSION = 5.0;
				TARGETED_DEVICE_FAMILY = "1,2";
				TEST_HOST = "$(BUILT_PRODUCTS_DIR)/ChineseWordLockScreen.app/$(BUNDLE_EXECUTABLE_FOLDER_PATH)/ChineseWordLockScreen";
			};
			name = Debug;
		};
		A49E60A42E705B6D006942DD /* Release */ = {
			isa = XCBuildConfiguration;
			buildSettings = {
				BUNDLE_LOADER = "$(TEST_HOST)";
				CODE_SIGN_STYLE = Automatic;
				CURRENT_PROJECT_VERSION = 1;
				GENERATE_INFOPLIST_FILE = YES;
				IPHONEOS_DEPLOYMENT_TARGET = 18.2;
				MARKETING_VERSION = 1.0;
				PRODUCT_BUNDLE_IDENTIFIER = SE.ChineseWordLockScreenTests;
				PRODUCT_NAME = "$(TARGET_NAME)";
				SWIFT_EMIT_LOC_STRINGS = NO;
				SWIFT_VERSION = 5.0;
				TARGETED_DEVICE_FAMILY = "1,2";
				TEST_HOST = "$(BUILT_PRODUCTS_DIR)/ChineseWordLockScreen.app/$(BUNDLE_EXECUTABLE_FOLDER_PATH)/ChineseWordLockScreen";
			};
			name = Release;
		};
		A49E60A62E705B6D006942DD /* Debug */ = {
			isa = XCBuildConfiguration;
			buildSettings = {
				CODE_SIGN_STYLE = Automatic;
				CURRENT_PROJECT_VERSION = 1;
				GENERATE_INFOPLIST_FILE = YES;
				MARKETING_VERSION = 1.0;
				PRODUCT_BUNDLE_IDENTIFIER = SE.ChineseWordLockScreenUITests;
				PRODUCT_NAME = "$(TARGET_NAME)";
				SWIFT_EMIT_LOC_STRINGS = NO;
				SWIFT_VERSION = 5.0;
				TARGETED_DEVICE_FAMILY = "1,2";
				TEST_TARGET_NAME = ChineseWordLockScreen;
			};
			name = Debug;
		};
		A49E60A72E705B6D006942DD /* Release */ = {
			isa = XCBuildConfiguration;
			buildSettings = {
				CODE_SIGN_STYLE = Automatic;
				CURRENT_PROJECT_VERSION = 1;
				GENERATE_INFOPLIST_FILE = YES;
				MARKETING_VERSION = 1.0;
				PRODUCT_BUNDLE_IDENTIFIER = SE.ChineseWordLockScreenUITests;
				PRODUCT_NAME = "$(TARGET_NAME)";
				SWIFT_EMIT_LOC_STRINGS = NO;
				SWIFT_VERSION = 5.0;
				TARGETED_DEVICE_FAMILY = "1,2";
				TEST_TARGET_NAME = ChineseWordLockScreen;
			};
			name = Release;
		};
/* End XCBuildConfiguration section */

/* Begin XCConfigurationList section */
		A44C26342E70622A001F0051 /* Build configuration list for PBXNativeTarget "WordWidgetExtension" */ = {
			isa = XCConfigurationList;
			buildConfigurations = (
				A44C26352E70622A001F0051 /* Debug */,
				A44C26362E70622A001F0051 /* Release */,
			);
			defaultConfigurationIsVisible = 0;
			defaultConfigurationName = Release;
		};
		A49E606E2E705B6A006942DD /* Build configuration list for PBXProject "ChineseWordLockScreen" */ = {
			isa = XCConfigurationList;
			buildConfigurations = (
				A49E60A02E705B6D006942DD /* Debug */,
				A49E60A12E705B6D006942DD /* Release */,
			);
			defaultConfigurationIsVisible = 0;
			defaultConfigurationName = Release;
		};
		A49E609D2E705B6D006942DD /* Build configuration list for PBXNativeTarget "ChineseWordLockScreen" */ = {
			isa = XCConfigurationList;
			buildConfigurations = (
				A49E609E2E705B6D006942DD /* Debug */,
				A49E609F2E705B6D006942DD /* Release */,
			);
			defaultConfigurationIsVisible = 0;
			defaultConfigurationName = Release;
		};
		A49E60A22E705B6D006942DD /* Build configuration list for PBXNativeTarget "ChineseWordLockScreenTests" */ = {
			isa = XCConfigurationList;
			buildConfigurations = (
				A49E60A32E705B6D006942DD /* Debug */,
				A49E60A42E705B6D006942DD /* Release */,
			);
			defaultConfigurationIsVisible = 0;
			defaultConfigurationName = Release;
		};
		A49E60A52E705B6D006942DD /* Build configuration list for PBXNativeTarget "ChineseWordLockScreenUITests" */ = {
			isa = XCConfigurationList;
			buildConfigurations = (
				A49E60A62E705B6D006942DD /* Debug */,
				A49E60A72E705B6D006942DD /* Release */,
			);
			defaultConfigurationIsVisible = 0;
			defaultConfigurationName = Release;
		};
/* End XCConfigurationList section */
	};
	rootObject = A49E606B2E705B6A006942DD /* Project object */;
}
